
Microsoft Visual Studio Solution File, Format Version 12.00
# Visual Studio Version 17
VisualStudioVersion = 17.9.34728.123
MinimumVisualStudioVersion = 10.0.40219.1
Project("{8BC9CEB8-8B4A-11D0-8D11-00A0C91BC942}") = "AppContainerSandbox", "AppContainerSandbox.vcxproj", "{200FADBE-E667-48C6-ACCE-9D907F6DF081}"
EndProject
Global
	GlobalSection(SolutionConfigurationPlatforms) = preSolution
		Debug|x64 = Debug|x64
		Debug|x86 = Debug|x86
		Release|x64 = Release|x64
		Release|x86 = Release|x86
	EndGlobalSection
	GlobalSection(ProjectConfigurationPlatforms) = postSolution
		{200FADBE-E667-48C6-ACCE-9D907F6DF081}.Debug|x64.ActiveCfg = Debug|x64
		{200FADBE-E667-48C6-ACCE-9D907F6DF081}.Debug|x64.Build.0 = Debug|x64
		{200FADBE-E667-48C6-ACCE-9D907F6DF081}.Debug|x86.ActiveCfg = Debug|Win32
		{200FADBE-E667-48C6-ACCE-9D907F6DF081}.Debug|x86.Build.0 = Debug|Win32
		{200FADBE-E667-48C6-ACCE-9D907F6DF081}.Release|x64.ActiveCfg = Release|x64
		{200FADBE-E667-48C6-ACCE-9D907F6DF081}.Release|x64.Build.0 = Release|x64
		{200FADBE-E667-48C6-ACCE-9D907F6DF081}.Release|x86.ActiveCfg = Release|Win32
		{200FADBE-E667-48C6-ACCE-9D907F6DF081}.Release|x86.Build.0 = Release|Win32
	EndGlobalSection
	GlobalSection(SolutionProperties) = preSolution
		HideSolutionNode = FALSE
	EndGlobalSection
	GlobalSection(ExtensibilityGlobals) = postSolution
		SolutionGuid = {81870580-887D-4AEA-ABE2-00A92DC7F5C6}
	EndGlobalSection
EndGlobal
